
Microsoft Visual Studio Solution File, Format Version 12.00
# Visual Studio Version 16
VisualStudioVersion = 16.0.30804.86
MinimumVisualStudioVersion = 10.0.40219.1
Project("{9A19103F-16F7-4668-BE54-9A1E7A4F7556}") = "netcore", "netcore\netcore.csproj", "{060E96BE-6D11-410F-B56C-9CD3CEDB8A83}"
EndProject
Project("{9A19103F-16F7-4668-BE54-9A1E7A4F7556}") = "WebApplication", "WebApplication\WebApplication.csproj", "{0837A1BF-DBA9-4EDE-84EA-28A78B92230E}"
EndProject
Project("{9A19103F-16F7-4668-BE54-9A1E7A4F7556}") = "NUnitTestWebApplication", "NUnitTestWebApplication\NUnitTestWebApplication.csproj", "{3AB8C476-2D24-4D66-A2D8-6B04997E34EE}"
EndProject
Project("{2150E333-8FDC-42A3-9474-1A3956D46DE8}") = "Tests", "Tests", "{AAD64E11-EFF8-4A8F-ACFC-CADFBA6739A5}"
EndProject
Project("{9A19103F-16F7-4668-BE54-9A1E7A4F7556}") = "NUnitTestCommon", "NUnitTestCommonLib\NUnitTestCommon.csproj", "{758BCD74-F3AD-43E0-8AE0-A65A88298700}"
EndProject
Project("{9A19103F-16F7-4668-BE54-9A1E7A4F7556}") = "Models", "Models\Models.csproj", "{2BA6FAF5-0D79-4BD7-9F42-33A28F219C28}"
EndProject
Project("{FAE04EC0-301F-11D3-BF4B-00C04F79EFBC}") = "Common", "Common\Common.csproj", "{76FE4428-979F-4574-8FF1-6D4320B0D02B}"
EndProject
Project("{FAE04EC0-301F-11D3-BF4B-00C04F79EFBC}") = "Services", "Services\Services.csproj", "{AEC8E358-1537-4352-83FD-513142350853}"
EndProject
Project("{FAE04EC0-301F-11D3-BF4B-00C04F79EFBC}") = "Database", "Database\Database.csproj", "{0FE8ED8F-1F57-4438-B19D-4F8CD89A87C7}"
EndProject
Project("{FAE04EC0-301F-11D3-BF4B-00C04F79EFBC}") = "NUnitTestDatabase", "NUnitTestDatabase\NUnitTestDatabase.csproj", "{2F740093-AAEF-45AF-AAA7-0A53A4363AA7}"
EndProject
Project("{FAE04EC0-301F-11D3-BF4B-00C04F79EFBC}") = "NUnitTestServices", "NUnitTestServices\NUnitTestServices.csproj", "{B6BD0818-8F8B-4C69-ACF5-43BB6EB1BF0D}"
EndProject
Global
	GlobalSection(SolutionConfigurationPlatforms) = preSolution
		Debug|Any CPU = Debug|Any CPU
		Release|Any CPU = Release|Any CPU
	EndGlobalSection
	GlobalSection(ProjectConfigurationPlatforms) = postSolution
		{060E96BE-6D11-410F-B56C-9CD3CEDB8A83}.Debug|Any CPU.ActiveCfg = Debug|Any CPU
		{060E96BE-6D11-410F-B56C-9CD3CEDB8A83}.Debug|Any CPU.Build.0 = Debug|Any CPU
		{060E96BE-6D11-410F-B56C-9CD3CEDB8A83}.Release|Any CPU.ActiveCfg = Release|Any CPU
		{060E96BE-6D11-410F-B56C-9CD3CEDB8A83}.Release|Any CPU.Build.0 = Release|Any CPU
		{0837A1BF-DBA9-4EDE-84EA-28A78B92230E}.Debug|Any CPU.ActiveCfg = Debug|Any CPU
		{0837A1BF-DBA9-4EDE-84EA-28A78B92230E}.Debug|Any CPU.Build.0 = Debug|Any CPU
		{0837A1BF-DBA9-4EDE-84EA-28A78B92230E}.Release|Any CPU.ActiveCfg = Release|Any CPU
		{0837A1BF-DBA9-4EDE-84EA-28A78B92230E}.Release|Any CPU.Build.0 = Release|Any CPU
		{3AB8C476-2D24-4D66-A2D8-6B04997E34EE}.Debug|Any CPU.ActiveCfg = Debug|Any CPU
		{3AB8C476-2D24-4D66-A2D8-6B04997E34EE}.Debug|Any CPU.Build.0 = Debug|Any CPU
		{3AB8C476-2D24-4D66-A2D8-6B04997E34EE}.Release|Any CPU.ActiveCfg = Release|Any CPU
		{3AB8C476-2D24-4D66-A2D8-6B04997E34EE}.Release|Any CPU.Build.0 = Release|Any CPU
		{758BCD74-F3AD-43E0-8AE0-A65A88298700}.Debug|Any CPU.ActiveCfg = Debug|Any CPU
		{758BCD74-F3AD-43E0-8AE0-A65A88298700}.Debug|Any CPU.Build.0 = Debug|Any CPU
		{758BCD74-F3AD-43E0-8AE0-A65A88298700}.Release|Any CPU.ActiveCfg = Release|Any CPU
		{758BCD74-F3AD-43E0-8AE0-A65A88298700}.Release|Any CPU.Build.0 = Release|Any CPU
		{2BA6FAF5-0D79-4BD7-9F42-33A28F219C28}.Debug|Any CPU.ActiveCfg = Debug|Any CPU
		{2BA6FAF5-0D79-4BD7-9F42-33A28F219C28}.Debug|Any CPU.Build.0 = Debug|Any CPU
		{2BA6FAF5-0D79-4BD7-9F42-33A28F219C28}.Release|Any CPU.ActiveCfg = Release|Any CPU
		{2BA6FAF5-0D79-4BD7-9F42-33A28F219C28}.Release|Any CPU.Build.0 = Release|Any CPU
		{76FE4428-979F-4574-8FF1-6D4320B0D02B}.Debug|Any CPU.ActiveCfg = Debug|Any CPU
		{76FE4428-979F-4574-8FF1-6D4320B0D02B}.Debug|Any CPU.Build.0 = Debug|Any CPU
		{76FE4428-979F-4574-8FF1-6D4320B0D02B}.Release|Any CPU.ActiveCfg = Release|Any CPU
		{76FE4428-979F-4574-8FF1-6D4320B0D02B}.Release|Any CPU.Build.0 = Release|Any CPU
		{AEC8E358-1537-4352-83FD-513142350853}.Debug|Any CPU.ActiveCfg = Debug|Any CPU
		{AEC8E358-1537-4352-83FD-513142350853}.Debug|Any CPU.Build.0 = Debug|Any CPU
		{AEC8E358-1537-4352-83FD-513142350853}.Release|Any CPU.ActiveCfg = Release|Any CPU
		{AEC8E358-1537-4352-83FD-513142350853}.Release|Any CPU.Build.0 = Release|Any CPU
		{0FE8ED8F-1F57-4438-B19D-4F8CD89A87C7}.Debug|Any CPU.ActiveCfg = Debug|Any CPU
		{0FE8ED8F-1F57-4438-B19D-4F8CD89A87C7}.Debug|Any CPU.Build.0 = Debug|Any CPU
		{0FE8ED8F-1F57-4438-B19D-4F8CD89A87C7}.Release|Any CPU.ActiveCfg = Release|Any CPU
		{0FE8ED8F-1F57-4438-B19D-4F8CD89A87C7}.Release|Any CPU.Build.0 = Release|Any CPU
		{2F740093-AAEF-45AF-AAA7-0A53A4363AA7}.Debug|Any CPU.ActiveCfg = Debug|Any CPU
		{2F740093-AAEF-45AF-AAA7-0A53A4363AA7}.Debug|Any CPU.Build.0 = Debug|Any CPU
		{2F740093-AAEF-45AF-AAA7-0A53A4363AA7}.Release|Any CPU.ActiveCfg = Release|Any CPU
		{2F740093-AAEF-45AF-AAA7-0A53A4363AA7}.Release|Any CPU.Build.0 = Release|Any CPU
		{B6BD0818-8F8B-4C69-ACF5-43BB6EB1BF0D}.Debug|Any CPU.ActiveCfg = Debug|Any CPU
		{B6BD0818-8F8B-4C69-ACF5-43BB6EB1BF0D}.Debug|Any CPU.Build.0 = Debug|Any CPU
		{B6BD0818-8F8B-4C69-ACF5-43BB6EB1BF0D}.Release|Any CPU.ActiveCfg = Release|Any CPU
		{B6BD0818-8F8B-4C69-ACF5-43BB6EB1BF0D}.Release|Any CPU.Build.0 = Release|Any CPU
	EndGlobalSection
	GlobalSection(SolutionProperties) = preSolution
		HideSolutionNode = FALSE
	EndGlobalSection
	GlobalSection(NestedProjects) = preSolution
		{3AB8C476-2D24-4D66-A2D8-6B04997E34EE} = {AAD64E11-EFF8-4A8F-ACFC-CADFBA6739A5}
		{758BCD74-F3AD-43E0-8AE0-A65A88298700} = {AAD64E11-EFF8-4A8F-ACFC-CADFBA6739A5}
		{2F740093-AAEF-45AF-AAA7-0A53A4363AA7} = {AAD64E11-EFF8-4A8F-ACFC-CADFBA6739A5}
		{B6BD0818-8F8B-4C69-ACF5-43BB6EB1BF0D} = {AAD64E11-EFF8-4A8F-ACFC-CADFBA6739A5}
	EndGlobalSection
	GlobalSection(ExtensibilityGlobals) = postSolution
		SolutionGuid = {7224B1A0-B374-4AE6-858E-6224E53F123D}
	EndGlobalSection
EndGlobal
